
Microsoft Visual Studio Solution File, Format Version 12.00
# Visual Studio Version 17
VisualStudioVersion = 17.9.34607.119
MinimumVisualStudioVersion = 10.0.40219.1
Project("{888888A0-9F3D-457C-B088-3A5042F75D52}") = "OOP_1", "OOP_1.pyproj", "{32004DE7-91A0-4C67-A479-495618DEE26E}"
EndProject
Global
	GlobalSection(SolutionConfigurationPlatforms) = preSolution
		Debug|Any CPU = Debug|Any CPU
		Release|Any CPU = Release|Any CPU
	EndGlobalSection
	GlobalSection(ProjectConfigurationPlatforms) = postSolution
		{32004DE7-91A0-4C67-A479-495618DEE26E}.Debug|Any CPU.ActiveCfg = Debug|Any CPU
		{32004DE7-91A0-4C67-A479-495618DEE26E}.Release|Any CPU.ActiveCfg = Release|Any CPU
	EndGlobalSection
	GlobalSection(SolutionProperties) = preSolution
		HideSolutionNode = FALSE
	EndGlobalSection
	GlobalSection(ExtensibilityGlobals) = postSolution
		SolutionGuid = {7A634678-AAA4-4857-8011-DB3BB68E0D7A}
	EndGlobalSection
EndGlobal
